
Microsoft Visual Studio Solution File, Format Version 12.00
Project("{FAE04EC0-301F-11D3-BF4B-00C04F79EFBC}") = "InventoryService", "InventoryService\InventoryService.csproj", "{0F5B3193-57E1-4DF5-B1FD-6A5AAE0B1136}"
EndProject
Project("{FAE04EC0-301F-11D3-BF4B-00C04F79EFBC}") = "MessageBus", "MessageBus\MessageBus.csproj", "{BDD904AC-C00D-4CD9-9B30-86176A4B4661}"
EndProject
Project("{FAE04EC0-301F-11D3-BF4B-00C04F79EFBC}") = "CheckoutService", "CheckoutService\CheckoutService.csproj", "{8F73773D-BF1D-4C5B-B678-166AC0CB635A}"
EndProject
Global
	GlobalSection(SolutionConfigurationPlatforms) = preSolution
		Debug|Any CPU = Debug|Any CPU
		Release|Any CPU = Release|Any CPU
	EndGlobalSection
	GlobalSection(ProjectConfigurationPlatforms) = postSolution
		{0F5B3193-57E1-4DF5-B1FD-6A5AAE0B1136}.Debug|Any CPU.ActiveCfg = Debug|Any CPU
		{0F5B3193-57E1-4DF5-B1FD-6A5AAE0B1136}.Debug|Any CPU.Build.0 = Debug|Any CPU
		{0F5B3193-57E1-4DF5-B1FD-6A5AAE0B1136}.Release|Any CPU.ActiveCfg = Release|Any CPU
		{0F5B3193-57E1-4DF5-B1FD-6A5AAE0B1136}.Release|Any CPU.Build.0 = Release|Any CPU
		{BDD904AC-C00D-4CD9-9B30-86176A4B4661}.Debug|Any CPU.ActiveCfg = Debug|Any CPU
		{BDD904AC-C00D-4CD9-9B30-86176A4B4661}.Debug|Any CPU.Build.0 = Debug|Any CPU
		{BDD904AC-C00D-4CD9-9B30-86176A4B4661}.Release|Any CPU.ActiveCfg = Release|Any CPU
		{BDD904AC-C00D-4CD9-9B30-86176A4B4661}.Release|Any CPU.Build.0 = Release|Any CPU
		{8F73773D-BF1D-4C5B-B678-166AC0CB635A}.Debug|Any CPU.ActiveCfg = Debug|Any CPU
		{8F73773D-BF1D-4C5B-B678-166AC0CB635A}.Debug|Any CPU.Build.0 = Debug|Any CPU
		{8F73773D-BF1D-4C5B-B678-166AC0CB635A}.Release|Any CPU.ActiveCfg = Release|Any CPU
		{8F73773D-BF1D-4C5B-B678-166AC0CB635A}.Release|Any CPU.Build.0 = Release|Any CPU
	EndGlobalSection
EndGlobal
